{
  "originHash" : "1520de1869123949e64055b61363f018ffbe058b1f864e3380bae40406d37501",
  "pins" : [
    {
      "identity" : "bootstrapstarter",
      "kind" : "remoteSourceControl",
      "location" : "https://github.com/tomieq/BootstrapStarter",
      "state" : {
        "branch" : "master",
        "revision" : "437e3252af95a25bc6b476608d5607d578b71866"
      }
    },
    {
      "identity" : "env",
      "kind" : "remoteSourceControl",
      "location" : "https://github.com/tomieq/Env",
      "state" : {
        "revision" : "581b64fe2673d93b4eb16af2f7ecba1bc37a9e9c",
        "version" : "1.0.2"
      }
    },
    {
      "identity" : "logger",
      "kind" : "remoteSourceControl",
      "location" : "https://github.com/tomieq/Logger",
      "state" : {
        "revision" : "85301b460dce3c4671054a879895fa3df3bbf9fe",
        "version" : "1.1.0"
      }
    },
    {
      "identity" : "swifter",
      "kind" : "remoteSourceControl",
      "location" : "https://github.com/tomieq/swifter",
      "state" : {
        "revision" : "f80410f8ad1e47db4d126faf2447f7f9a7af4bc0",
        "version" : "3.1.1"
      }
    },
    {
      "identity" : "swiftextensions",
      "kind" : "remoteSourceControl",
      "location" : "https://github.com/tomieq/SwiftExtensions",
      "state" : {
        "revision" : "25f8cafc1f6f4fa0e162ae383d96f93943b05ad9",
        "version" : "2.0.0"
      }
    },
    {
      "identity" : "template.swift",
      "kind" : "remoteSourceControl",
      "location" : "https://github.com/tomieq/Template.swift.git",
      "state" : {
        "revision" : "302854a17e2f38ba6a9cb79a46689884a44b5f70",
        "version" : "1.6.0"
      }
    }
  ],
  "version" : 3
}
